// !$*UTF8*$!
{
	archiveVersion = 1;
	classes = {
	};
	objectVersion = 50;
	objects = {

/* Begin PBXBuildFile section */
		07741576211427F400A238BA /* AppDelegate.m in Sources */ = {isa = PBXBuildFile; fileRef = 07741575211427F400A238BA /* AppDelegate.m */; };
		07741579211427F400A238BA /* ViewController.m in Sources */ = {isa = PBXBuildFile; fileRef = 07741578211427F400A238BA /* ViewController.m */; };
		0774157C211427F400A238BA /* Main.storyboard in Resources */ = {isa = PBXBuildFile; fileRef = 0774157A211427F400A238BA /* Main.storyboard */; };
		0774157E211427F500A238BA /* Assets.xcassets in Resources */ = {isa = PBXBuildFile; fileRef = 0774157D211427F500A238BA /* Assets.xcassets */; };
		07741581211427F500A238BA /* LaunchScreen.storyboard in Resources */ = {isa = PBXBuildFile; fileRef = 0774157F211427F500A238BA /* LaunchScreen.storyboard */; };
		07741584211427F500A238BA /* main.m in Sources */ = {isa = PBXBuildFile; fileRef = 07741583211427F500A238BA /* main.m */; };
		0774158E211427F500A238BA /* KCCommonTests.m in Sources */ = {isa = PBXBuildFile; fileRef = 0774158D211427F500A238BA /* KCCommonTests.m */; };
		07741599211427F600A238BA /* KCCommonUITests.m in Sources */ = {isa = PBXBuildFile; fileRef = 07741598211427F600A238BA /* KCCommonUITests.m */; };
		07F7FF4A211D957B00613DE9 /* UIView+KCCommon.m in Sources */ = {isa = PBXBuildFile; fileRef = 07F7FF3E211D957B00613DE9 /* UIView+KCCommon.m */; };
		07F7FF4B211D957B00613DE9 /* UIViewController+KCCommon.m in Sources */ = {isa = PBXBuildFile; fileRef = 07F7FF40211D957B00613DE9 /* UIViewController+KCCommon.m */; };
		6BCBCF43D2871F4FD652E916 /* libPods-KCCommon.a in Frameworks */ = {isa = PBXBuildFile; fileRef = A2E1BE61A468CF67BE450BEF /* libPods-KCCommon.a */; };
		9A56CB924AE9C7EFC3D52260 /* libPods-KCCommonTests.a in Frameworks */ = {isa = PBXBuildFile; fileRef = 8EFCC72885A7CBEB46D5FCC1 /* libPods-KCCommonTests.a */; };
		C17DD055D5CE92A8871F3E84 /* libPods-KCCommonUITests.a in Frameworks */ = {isa = PBXBuildFile; fileRef = A602DBFF6ABBAA263B55AA20 /* libPods-KCCommonUITests.a */; };
/* End PBXBuildFile section */

/* Begin PBXContainerItemProxy section */
		0774158A211427F500A238BA /* PBXContainerItemProxy */ = {
			isa = PBXContainerItemProxy;
			containerPortal = 07741569211427F400A238BA /* Project object */;
			proxyType = 1;
			remoteGlobalIDString = 07741570211427F400A238BA;
			remoteInfo = KCCommon;
		};
		07741595211427F600A238BA /* PBXContainerItemProxy */ = {
			isa = PBXContainerItemProxy;
			containerPortal = 07741569211427F400A238BA /* Project object */;
			proxyType = 1;
			remoteGlobalIDString = 07741570211427F400A238BA;
			remoteInfo = KCCommon;
		};
/* End PBXContainerItemProxy section */

/* Begin PBXFileReference section */
		07741571211427F400A238BA /* KCCommon.app */ = {isa = PBXFileReference; explicitFileType = wrapper.application; includeInIndex = 0; path = KCCommon.app; sourceTree = BUILT_PRODUCTS_DIR; };
		07741574211427F400A238BA /* AppDelegate.h */ = {isa = PBXFileReference; lastKnownFileType = sourcecode.c.h; path = AppDelegate.h; sourceTree = "<group>"; };
		07741575211427F400A238BA /* AppDelegate.m */ = {isa = PBXFileReference; lastKnownFileType = sourcecode.c.objc; path = AppDelegate.m; sourceTree = "<group>"; };
		07741577211427F400A238BA /* ViewController.h */ = {isa = PBXFileReference; lastKnownFileType = sourcecode.c.h; path = ViewController.h; sourceTree = "<group>"; };
		07741578211427F400A238BA /* ViewController.m */ = {isa = PBXFileReference; lastKnownFileType = sourcecode.c.objc; path = ViewController.m; sourceTree = "<group>"; };
		0774157B211427F400A238BA /* Base */ = {isa = PBXFileReference; lastKnownFileType = file.storyboard; name = Base; path = Base.lproj/Main.storyboard; sourceTree = "<group>"; };
		0774157D211427F500A238BA /* Assets.xcassets */ = {isa = PBXFileReference; lastKnownFileType = folder.assetcatalog; path = Assets.xcassets; sourceTree = "<group>"; };
		07741580211427F500A238BA /* Base */ = {isa = PBXFileReference; lastKnownFileType = file.storyboard; name = Base; path = Base.lproj/LaunchScreen.storyboard; sourceTree = "<group>"; };
		07741582211427F500A238BA /* Info.plist */ = {isa = PBXFileReference; lastKnownFileType = text.plist.xml; path = Info.plist; sourceTree = "<group>"; };
		07741583211427F500A238BA /* main.m */ = {isa = PBXFileReference; lastKnownFileType = sourcecode.c.objc; path = main.m; sourceTree = "<group>"; };
		07741589211427F500A238BA /* KCCommonTests.xctest */ = {isa = PBXFileReference; explicitFileType = wrapper.cfbundle; includeInIndex = 0; path = KCCommonTests.xctest; sourceTree = BUILT_PRODUCTS_DIR; };
		0774158D211427F500A238BA /* KCCommonTests.m */ = {isa = PBXFileReference; lastKnownFileType = sourcecode.c.objc; path = KCCommonTests.m; sourceTree = "<group>"; };
		0774158F211427F500A238BA /* Info.plist */ = {isa = PBXFileReference; lastKnownFileType = text.plist.xml; path = Info.plist; sourceTree = "<group>"; };
		07741594211427F600A238BA /* KCCommonUITests.xctest */ = {isa = PBXFileReference; explicitFileType = wrapper.cfbundle; includeInIndex = 0; path = KCCommonUITests.xctest; sourceTree = BUILT_PRODUCTS_DIR; };
		07741598211427F600A238BA /* KCCommonUITests.m */ = {isa = PBXFileReference; lastKnownFileType = sourcecode.c.objc; path = KCCommonUITests.m; sourceTree = "<group>"; };
		0774159A211427F600A238BA /* Info.plist */ = {isa = PBXFileReference; lastKnownFileType = text.plist.xml; path = Info.plist; sourceTree = "<group>"; };
		07F7FF3D211D957B00613DE9 /* UIView+KCCommon.h */ = {isa = PBXFileReference; fileEncoding = 4; lastKnownFileType = sourcecode.c.h; path = "UIView+KCCommon.h"; sourceTree = "<group>"; };
		07F7FF3E211D957B00613DE9 /* UIView+KCCommon.m */ = {isa = PBXFileReference; fileEncoding = 4; lastKnownFileType = sourcecode.c.objc; path = "UIView+KCCommon.m"; sourceTree = "<group>"; };
		07F7FF3F211D957B00613DE9 /* UIViewController+KCCommon.h */ = {isa = PBXFileReference; fileEncoding = 4; lastKnownFileType = sourcecode.c.h; path = "UIViewController+KCCommon.h"; sourceTree = "<group>"; };
		07F7FF40211D957B00613DE9 /* UIViewController+KCCommon.m */ = {isa = PBXFileReference; fileEncoding = 4; lastKnownFileType = sourcecode.c.objc; path = "UIViewController+KCCommon.m"; sourceTree = "<group>"; };
		0E0DB9C4FB963E2A04B0681D /* Pods-KCCommon.release.xcconfig */ = {isa = PBXFileReference; includeInIndex = 1; lastKnownFileType = text.xcconfig; name = "Pods-KCCommon.release.xcconfig"; path = "Pods/Target Support Files/Pods-KCCommon/Pods-KCCommon.release.xcconfig"; sourceTree = "<group>"; };
		51A7F4AB7A8B08B71617667F /* Pods-KCCommonTests.debug.xcconfig */ = {isa = PBXFileReference; includeInIndex = 1; lastKnownFileType = text.xcconfig; name = "Pods-KCCommonTests.debug.xcconfig"; path = "Pods/Target Support Files/Pods-KCCommonTests/Pods-KCCommonTests.debug.xcconfig"; sourceTree = "<group>"; };
		8EFCC72885A7CBEB46D5FCC1 /* libPods-KCCommonTests.a */ = {isa = PBXFileReference; explicitFileType = archive.ar; includeInIndex = 0; path = "libPods-KCCommonTests.a"; sourceTree = BUILT_PRODUCTS_DIR; };
		A2E1BE61A468CF67BE450BEF /* libPods-KCCommon.a */ = {isa = PBXFileReference; explicitFileType = archive.ar; includeInIndex = 0; path = "libPods-KCCommon.a"; sourceTree = BUILT_PRODUCTS_DIR; };
		A602DBFF6ABBAA263B55AA20 /* libPods-KCCommonUITests.a */ = {isa = PBXFileReference; explicitFileType = archive.ar; includeInIndex = 0; path = "libPods-KCCommonUITests.a"; sourceTree = BUILT_PRODUCTS_DIR; };
		AAB52EB0A50BE9DF4F3A1CAA /* Pods-KCCommon.debug.xcconfig */ = {isa = PBXFileReference; includeInIndex = 1; lastKnownFileType = text.xcconfig; name = "Pods-KCCommon.debug.xcconfig"; path = "Pods/Target Support Files/Pods-KCCommon/Pods-KCCommon.debug.xcconfig"; sourceTree = "<group>"; };
		BBE5E9A648ED900EBE58DDF5 /* Pods-KCCommonTests.release.xcconfig */ = {isa = PBXFileReference; includeInIndex = 1; lastKnownFileType = text.xcconfig; name = "Pods-KCCommonTests.release.xcconfig"; path = "Pods/Target Support Files/Pods-KCCommonTests/Pods-KCCommonTests.release.xcconfig"; sourceTree = "<group>"; };
		CF7EDF13BB7BB68623454F7B /* Pods-KCCommonUITests.debug.xcconfig */ = {isa = PBXFileReference; includeInIndex = 1; lastKnownFileType = text.xcconfig; name = "Pods-KCCommonUITests.debug.xcconfig"; path = "Pods/Target Support Files/Pods-KCCommonUITests/Pods-KCCommonUITests.debug.xcconfig"; sourceTree = "<group>"; };
		D830A022DE1E6F725D23FC73 /* Pods-KCCommonUITests.release.xcconfig */ = {isa = PBXFileReference; includeInIndex = 1; lastKnownFileType = text.xcconfig; name = "Pods-KCCommonUITests.release.xcconfig"; path = "Pods/Target Support Files/Pods-KCCommonUITests/Pods-KCCommonUITests.release.xcconfig"; sourceTree = "<group>"; };
/* End PBXFileReference section */

/* Begin PBXFrameworksBuildPhase section */
		0774156E211427F400A238BA /* Frameworks */ = {
			isa = PBXFrameworksBuildPhase;
			buildActionMask = 2147483647;
			files = (
				6BCBCF43D2871F4FD652E916 /* libPods-KCCommon.a in Frameworks */,
			);
			runOnlyForDeploymentPostprocessing = 0;
		};
		07741586211427F500A238BA /* Frameworks */ = {
			isa = PBXFrameworksBuildPhase;
			buildActionMask = 2147483647;
			files = (
				9A56CB924AE9C7EFC3D52260 /* libPods-KCCommonTests.a in Frameworks */,
			);
			runOnlyForDeploymentPostprocessing = 0;
		};
		07741591211427F600A238BA /* Frameworks */ = {
			isa = PBXFrameworksBuildPhase;
			buildActionMask = 2147483647;
			files = (
				C17DD055D5CE92A8871F3E84 /* libPods-KCCommonUITests.a in Frameworks */,
			);
			runOnlyForDeploymentPostprocessing = 0;
		};
/* End PBXFrameworksBuildPhase section */

/* Begin PBXGroup section */
		07741568211427F400A238BA = {
			isa = PBXGroup;
			children = (
				07741573211427F400A238BA /* KCCommon */,
				0774158C211427F500A238BA /* KCCommonTests */,
				07741597211427F600A238BA /* KCCommonUITests */,
				07741572211427F400A238BA /* Products */,
				F8B1A5B0B66076001A80092C /* Pods */,
				C6603867F07373C5B0F9FF63 /* Frameworks */,
			);
			sourceTree = "<group>";
		};
		07741572211427F400A238BA /* Products */ = {
			isa = PBXGroup;
			children = (
				07741571211427F400A238BA /* KCCommon.app */,
				07741589211427F500A238BA /* KCCommonTests.xctest */,
				07741594211427F600A238BA /* KCCommonUITests.xctest */,
			);
			name = Products;
			sourceTree = "<group>";
		};
		07741573211427F400A238BA /* KCCommon */ = {
			isa = PBXGroup;
			children = (
				07F7FF3B211D957B00613DE9 /* KCCommon */,
				07741574211427F400A238BA /* AppDelegate.h */,
				07741575211427F400A238BA /* AppDelegate.m */,
				07741577211427F400A238BA /* ViewController.h */,
				07741578211427F400A238BA /* ViewController.m */,
				0774157A211427F400A238BA /* Main.storyboard */,
				0774157D211427F500A238BA /* Assets.xcassets */,
				0774157F211427F500A238BA /* LaunchScreen.storyboard */,
				07741582211427F500A238BA /* Info.plist */,
				07741583211427F500A238BA /* main.m */,
			);
			path = KCCommon;
			sourceTree = "<group>";
		};
		0774158C211427F500A238BA /* KCCommonTests */ = {
			isa = PBXGroup;
			children = (
				0774158D211427F500A238BA /* KCCommonTests.m */,
				0774158F211427F500A238BA /* Info.plist */,
			);
			path = KCCommonTests;
			sourceTree = "<group>";
		};
		07741597211427F600A238BA /* KCCommonUITests */ = {
			isa = PBXGroup;
			children = (
				07741598211427F600A238BA /* KCCommonUITests.m */,
				0774159A211427F600A238BA /* Info.plist */,
			);
			path = KCCommonUITests;
			sourceTree = "<group>";
		};
		07F7FF3B211D957B00613DE9 /* KCCommon */ = {
			isa = PBXGroup;
			children = (
				07F7FF3C211D957B00613DE9 /* Category */,
			);
			name = KCCommon;
			path = ../../KCCommon;
			sourceTree = "<group>";
		};
		07F7FF3C211D957B00613DE9 /* Category */ = {
			isa = PBXGroup;
			children = (
				07F7FF3D211D957B00613DE9 /* UIView+KCCommon.h */,
				07F7FF3E211D957B00613DE9 /* UIView+KCCommon.m */,
				07F7FF3F211D957B00613DE9 /* UIViewController+KCCommon.h */,
				07F7FF40211D957B00613DE9 /* UIViewController+KCCommon.m */,
			);
			path = Category;
			sourceTree = "<group>";
		};
		C6603867F07373C5B0F9FF63 /* Frameworks */ = {
			isa = PBXGroup;
			children = (
				A2E1BE61A468CF67BE450BEF /* libPods-KCCommon.a */,
				8EFCC72885A7CBEB46D5FCC1 /* libPods-KCCommonTests.a */,
				A602DBFF6ABBAA263B55AA20 /* libPods-KCCommonUITests.a */,
			);
			name = Frameworks;
			sourceTree = "<group>";
		};
		F8B1A5B0B66076001A80092C /* Pods */ = {
			isa = PBXGroup;
			children = (
				AAB52EB0A50BE9DF4F3A1CAA /* Pods-KCCommon.debug.xcconfig */,
				0E0DB9C4FB963E2A04B0681D /* Pods-KCCommon.release.xcconfig */,
				51A7F4AB7A8B08B71617667F /* Pods-KCCommonTests.debug.xcconfig */,
				BBE5E9A648ED900EBE58DDF5 /* Pods-KCCommonTests.release.xcconfig */,
				CF7EDF13BB7BB68623454F7B /* Pods-KCCommonUITests.debug.xcconfig */,
				D830A022DE1E6F725D23FC73 /* Pods-KCCommonUITests.release.xcconfig */,
			);
			name = Pods;
			sourceTree = "<group>";
		};
/* End PBXGroup section */

/* Begin PBXNativeTarget section */
		07741570211427F400A238BA /* KCCommon */ = {
			isa = PBXNativeTarget;
			buildConfigurationList = 0774159D211427F600A238BA /* Build configuration list for PBXNativeTarget "KCCommon" */;
			buildPhases = (
				A9F2D777FFAAD0F1EE2DDB3C /* [CP] Check Pods Manifest.lock */,
				0774156D211427F400A238BA /* Sources */,
				0774156E211427F400A238BA /* Frameworks */,
				0774156F211427F400A238BA /* Resources */,
				B0E0F9430C6DC55F37E87FDE /* [CP] Embed Pods Frameworks */,
				7A204DAD3496ADE9EAD2A5E0 /* [CP] Copy Pods Resources */,
			);
			buildRules = (
			);
			dependencies = (
			);
			name = KCCommon;
			productName = KCCommon;
			productReference = 07741571211427F400A238BA /* KCCommon.app */;
			productType = "com.apple.product-type.application";
		};
		07741588211427F500A238BA /* KCCommonTests */ = {
			isa = PBXNativeTarget;
			buildConfigurationList = 077415A0211427F600A238BA /* Build configuration list for PBXNativeTarget "KCCommonTests" */;
			buildPhases = (
				587832D47B7AFE877AA79DA1 /* [CP] Check Pods Manifest.lock */,
				07741585211427F500A238BA /* Sources */,
				07741586211427F500A238BA /* Frameworks */,
				07741587211427F500A238BA /* Resources */,
				43CCE65675194916E59FC164 /* [CP] Embed Pods Frameworks */,
				0766322B7D93C7BA819697E8 /* [CP] Copy Pods Resources */,
			);
			buildRules = (
			);
			dependencies = (
				0774158B211427F500A238BA /* PBXTargetDependency */,
			);
			name = KCCommonTests;
			productName = KCCommonTests;
			productReference = 07741589211427F500A238BA /* KCCommonTests.xctest */;
			productType = "com.apple.product-type.bundle.unit-test";
		};
		07741593211427F600A238BA /* KCCommonUITests */ = {
			isa = PBXNativeTarget;
			buildConfigurationList = 077415A3211427F600A238BA /* Build configuration list for PBXNativeTarget "KCCommonUITests" */;
			buildPhases = (
				D04589891F5C17E9CB15054E /* [CP] Check Pods Manifest.lock */,
				07741590211427F600A238BA /* Sources */,
				07741591211427F600A238BA /* Frameworks */,
				07741592211427F600A238BA /* Resources */,
				C04D39E36A1802FB86BD85E6 /* [CP] Embed Pods Frameworks */,
				EE0AB680165B10ED98A4CD7F /* [CP] Copy Pods Resources */,
			);
			buildRules = (
			);
			dependencies = (
				07741596211427F600A238BA /* PBXTargetDependency */,
			);
			name = KCCommonUITests;
			productName = KCCommonUITests;
			productReference = 07741594211427F600A238BA /* KCCommonUITests.xctest */;
			productType = "com.apple.product-type.bundle.ui-testing";
		};
/* End PBXNativeTarget section */

/* Begin PBXProject section */
		07741569211427F400A238BA /* Project object */ = {
			isa = PBXProject;
			attributes = {
				LastUpgradeCheck = 0940;
				ORGANIZATIONNAME = Erica;
				TargetAttributes = {
					07741570211427F400A238BA = {
						CreatedOnToolsVersion = 9.4.1;
					};
					07741588211427F500A238BA = {
						CreatedOnToolsVersion = 9.4.1;
						TestTargetID = 07741570211427F400A238BA;
					};
					07741593211427F600A238BA = {
						CreatedOnToolsVersion = 9.4.1;
						TestTargetID = 07741570211427F400A238BA;
					};
				};
			};
			buildConfigurationList = 0774156C211427F400A238BA /* Build configuration list for PBXProject "KCCommon" */;
			compatibilityVersion = "Xcode 9.3";
			developmentRegion = en;
			hasScannedForEncodings = 0;
			knownRegions = (
				en,
				Base,
			);
			mainGroup = 07741568211427F400A238BA;
			productRefGroup = 07741572211427F400A238BA /* Products */;
			projectDirPath = "";
			projectRoot = "";
			targets = (
				07741570211427F400A238BA /* KCCommon */,
				07741588211427F500A238BA /* KCCommonTests */,
				07741593211427F600A238BA /* KCCommonUITests */,
			);
		};
/* End PBXProject section */

/* Begin PBXResourcesBuildPhase section */
		0774156F211427F400A238BA /* Resources */ = {
			isa = PBXResourcesBuildPhase;
			buildActionMask = 2147483647;
			files = (
				07741581211427F500A238BA /* LaunchScreen.storyboard in Resources */,
				0774157E211427F500A238BA /* Assets.xcassets in Resources */,
				0774157C211427F400A238BA /* Main.storyboard in Resources */,
			);
			runOnlyForDeploymentPostprocessing = 0;
		};
		07741587211427F500A238BA /* Resources */ = {
			isa = PBXResourcesBuildPhase;
			buildActionMask = 2147483647;
			files = (
			);
			runOnlyForDeploymentPostprocessing = 0;
		};
		07741592211427F600A238BA /* Resources */ = {
			isa = PBXResourcesBuildPhase;
			buildActionMask = 2147483647;
			files = (
			);
			runOnlyForDeploymentPostprocessing = 0;
		};
/* End PBXResourcesBuildPhase section */

/* Begin PBXShellScriptBuildPhase section */
		0766322B7D93C7BA819697E8 /* [CP] Copy Pods Resources */ = {
			isa = PBXShellScriptBuildPhase;
			buildActionMask = 2147483647;
			files = (
			);
			inputPaths = (
			);
			name = "[CP] Copy Pods Resources";
			outputPaths = (
			);
			runOnlyForDeploymentPostprocessing = 0;
			shellPath = /bin/sh;
			shellScript = "\"${SRCROOT}/Pods/Target Support Files/Pods-KCCommonTests/Pods-KCCommonTests-resources.sh\"\n";
			showEnvVarsInLog = 0;
		};
		43CCE65675194916E59FC164 /* [CP] Embed Pods Frameworks */ = {
			isa = PBXShellScriptBuildPhase;
			buildActionMask = 2147483647;
			files = (
			);
			inputPaths = (
			);
			name = "[CP] Embed Pods Frameworks";
			outputPaths = (
			);
			runOnlyForDeploymentPostprocessing = 0;
			shellPath = /bin/sh;
			shellScript = "\"${SRCROOT}/Pods/Target Support Files/Pods-KCCommonTests/Pods-KCCommonTests-frameworks.sh\"\n";
			showEnvVarsInLog = 0;
		};
		587832D47B7AFE877AA79DA1 /* [CP] Check Pods Manifest.lock */ = {
			isa = PBXShellScriptBuildPhase;
			buildActionMask = 2147483647;
			files = (
			);
			inputPaths = (
				"${PODS_PODFILE_DIR_PATH}/Podfile.lock",
				"${PODS_ROOT}/Manifest.lock",
			);
			name = "[CP] Check Pods Manifest.lock";
			outputPaths = (
				"$(DERIVED_FILE_DIR)/Pods-KCCommonTests-checkManifestLockResult.txt",
			);
			runOnlyForDeploymentPostprocessing = 0;
			shellPath = /bin/sh;
			shellScript = "diff \"${PODS_PODFILE_DIR_PATH}/Podfile.lock\" \"${PODS_ROOT}/Manifest.lock\" > /dev/null\nif [ $? != 0 ] ; then\n    # print error to STDERR\n    echo \"error: The sandbox is not in sync with the Podfile.lock. Run 'pod install' or update your CocoaPods installation.\" >&2\n    exit 1\nfi\n# This output is used by Xcode 'outputs' to avoid re-running this script phase.\necho \"SUCCESS\" > \"${SCRIPT_OUTPUT_FILE_0}\"\n";
			showEnvVarsInLog = 0;
		};
		7A204DAD3496ADE9EAD2A5E0 /* [CP] Copy Pods Resources */ = {
			isa = PBXShellScriptBuildPhase;
			buildActionMask = 2147483647;
			files = (
			);
			inputPaths = (
			);
			name = "[CP] Copy Pods Resources";
			outputPaths = (
			);
			runOnlyForDeploymentPostprocessing = 0;
			shellPath = /bin/sh;
			shellScript = "\"${SRCROOT}/Pods/Target Support Files/Pods-KCCommon/Pods-KCCommon-resources.sh\"\n";
			showEnvVarsInLog = 0;
		};
		A9F2D777FFAAD0F1EE2DDB3C /* [CP] Check Pods Manifest.lock */ = {
			isa = PBXShellScriptBuildPhase;
			buildActionMask = 2147483647;
			files = (
			);
			inputPaths = (
				"${PODS_PODFILE_DIR_PATH}/Podfile.lock",
				"${PODS_ROOT}/Manifest.lock",
			);
			name = "[CP] Check Pods Manifest.lock";
			outputPaths = (
				"$(DERIVED_FILE_DIR)/Pods-KCCommon-checkManifestLockResult.txt",
			);
			runOnlyForDeploymentPostprocessing = 0;
			shellPath = /bin/sh;
			shellScript = "diff \"${PODS_PODFILE_DIR_PATH}/Podfile.lock\" \"${PODS_ROOT}/Manifest.lock\" > /dev/null\nif [ $? != 0 ] ; then\n    # print error to STDERR\n    echo \"error: The sandbox is not in sync with the Podfile.lock. Run 'pod install' or update your CocoaPods installation.\" >&2\n    exit 1\nfi\n# This output is used by Xcode 'outputs' to avoid re-running this script phase.\necho \"SUCCESS\" > \"${SCRIPT_OUTPUT_FILE_0}\"\n";
			showEnvVarsInLog = 0;
		};
		B0E0F9430C6DC55F37E87FDE /* [CP] Embed Pods Frameworks */ = {
			isa = PBXShellScriptBuildPhase;
			buildActionMask = 2147483647;
			files = (
			);
			inputPaths = (
			);
			name = "[CP] Embed Pods Frameworks";
			outputPaths = (
			);
			runOnlyForDeploymentPostprocessing = 0;
			shellPath = /bin/sh;
			shellScript = "\"${SRCROOT}/Pods/Target Support Files/Pods-KCCommon/Pods-KCCommon-frameworks.sh\"\n";
			showEnvVarsInLog = 0;
		};
		C04D39E36A1802FB86BD85E6 /* [CP] Embed Pods Frameworks */ = {
			isa = PBXShellScriptBuildPhase;
			buildActionMask = 2147483647;
			files = (
			);
			inputPaths = (
			);
			name = "[CP] Embed Pods Frameworks";
			outputPaths = (
			);
			runOnlyForDeploymentPostprocessing = 0;
			shellPath = /bin/sh;
			shellScript = "\"${SRCROOT}/Pods/Target Support Files/Pods-KCCommonUITests/Pods-KCCommonUITests-frameworks.sh\"\n";
			showEnvVarsInLog = 0;
		};
		D04589891F5C17E9CB15054E /* [CP] Check Pods Manifest.lock */ = {
			isa = PBXShellScriptBuildPhase;
			buildActionMask = 2147483647;
			files = (
			);
			inputPaths = (
				"${PODS_PODFILE_DIR_PATH}/Podfile.lock",
				"${PODS_ROOT}/Manifest.lock",
			);
			name = "[CP] Check Pods Manifest.lock";
			outputPaths = (
				"$(DERIVED_FILE_DIR)/Pods-KCCommonUITests-checkManifestLockResult.txt",
			);
			runOnlyForDeploymentPostprocessing = 0;
			shellPath = /bin/sh;
			shellScript = "diff \"${PODS_PODFILE_DIR_PATH}/Podfile.lock\" \"${PODS_ROOT}/Manifest.lock\" > /dev/null\nif [ $? != 0 ] ; then\n    # print error to STDERR\n    echo \"error: The sandbox is not in sync with the Podfile.lock. Run 'pod install' or update your CocoaPods installation.\" >&2\n    exit 1\nfi\n# This output is used by Xcode 'outputs' to avoid re-running this script phase.\necho \"SUCCESS\" > \"${SCRIPT_OUTPUT_FILE_0}\"\n";
			showEnvVarsInLog = 0;
		};
		EE0AB680165B10ED98A4CD7F /* [CP] Copy Pods Resources */ = {
			isa = PBXShellScriptBuildPhase;
			buildActionMask = 2147483647;
			files = (
			);
			inputPaths = (
			);
			name = "[CP] Copy Pods Resources";
			outputPaths = (
			);
			runOnlyForDeploymentPostprocessing = 0;
			shellPath = /bin/sh;
			shellScript = "\"${SRCROOT}/Pods/Target Support Files/Pods-KCCommonUITests/Pods-KCCommonUITests-resources.sh\"\n";
			showEnvVarsInLog = 0;
		};
/* End PBXShellScriptBuildPhase section */

/* Begin PBXSourcesBuildPhase section */
		0774156D211427F400A238BA /* Sources */ = {
			isa = PBXSourcesBuildPhase;
			buildActionMask = 2147483647;
			files = (
				07741579211427F400A238BA /* ViewController.m in Sources */,
				07741584211427F500A238BA /* main.m in Sources */,
				07741576211427F400A238BA /* AppDelegate.m in Sources */,
				07F7FF4A211D957B00613DE9 /* UIView+KCCommon.m in Sources */,
				07F7FF4B211D957B00613DE9 /* UIViewController+KCCommon.m in Sources */,
			);
			runOnlyForDeploymentPostprocessing = 0;
		};
		07741585211427F500A238BA /* Sources */ = {
			isa = PBXSourcesBuildPhase;
			buildActionMask = 2147483647;
			files = (
				0774158E211427F500A238BA /* KCCommonTests.m in Sources */,
			);
			runOnlyForDeploymentPostprocessing = 0;
		};
		07741590211427F600A238BA /* Sources */ = {
			isa = PBXSourcesBuildPhase;
			buildActionMask = 2147483647;
			files = (
				07741599211427F600A238BA /* KCCommonUITests.m in Sources */,
			);
			runOnlyForDeploymentPostprocessing = 0;
		};
/* End PBXSourcesBuildPhase section */

/* Begin PBXTargetDependency section */
		0774158B211427F500A238BA /* PBXTargetDependency */ = {
			isa = PBXTargetDependency;
			target = 07741570211427F400A238BA /* KCCommon */;
			targetProxy = 0774158A211427F500A238BA /* PBXContainerItemProxy */;
		};
		07741596211427F600A238BA /* PBXTargetDependency */ = {
			isa = PBXTargetDependency;
			target = 07741570211427F400A238BA /* KCCommon */;
			targetProxy = 07741595211427F600A238BA /* PBXContainerItemProxy */;
		};
/* End PBXTargetDependency section */

/* Begin PBXVariantGroup section */
		0774157A211427F400A238BA /* Main.storyboard */ = {
			isa = PBXVariantGroup;
			children = (
				0774157B211427F400A238BA /* Base */,
			);
			name = Main.storyboard;
			sourceTree = "<group>";
		};
		0774157F211427F500A238BA /* LaunchScreen.storyboard */ = {
			isa = PBXVariantGroup;
			children = (
				07741580211427F500A238BA /* Base */,
			);
			name = LaunchScreen.storyboard;
			sourceTree = "<group>";
		};
/* End PBXVariantGroup section */

/* Begin XCBuildConfiguration section */
		0774159B211427F600A238BA /* Debug */ = {
			isa = XCBuildConfiguration;
			buildSettings = {
				ALWAYS_SEARCH_USER_PATHS = NO;
				CLANG_ANALYZER_NONNULL = YES;
				CLANG_ANALYZER_NUMBER_OBJECT_CONVERSION = YES_AGGRESSIVE;
				CLANG_CXX_LANGUAGE_STANDARD = "gnu++14";
				CLANG_CXX_LIBRARY = "libc++";
				CLANG_ENABLE_MODULES = YES;
				CLANG_ENABLE_OBJC_ARC = YES;
				CLANG_ENABLE_OBJC_WEAK = YES;
				CLANG_WARN_BLOCK_CAPTURE_AUTORELEASING = YES;
				CLANG_WARN_BOOL_CONVERSION = YES;
				CLANG_WARN_COMMA = YES;
				CLANG_WARN_CONSTANT_CONVERSION = YES;
				CLANG_WARN_DEPRECATED_OBJC_IMPLEMENTATIONS = YES;
				CLANG_WARN_DIRECT_OBJC_ISA_USAGE = YES_ERROR;
				CLANG_WARN_DOCUMENTATION_COMMENTS = YES;
				CLANG_WARN_EMPTY_BODY = YES;
				CLANG_WARN_ENUM_CONVERSION = YES;
				CLANG_WARN_INFINITE_RECURSION = YES;
				CLANG_WARN_INT_CONVERSION = YES;
				CLANG_WARN_NON_LITERAL_NULL_CONVERSION = YES;
				CLANG_WARN_OBJC_IMPLICIT_RETAIN_SELF = YES;
				CLANG_WARN_OBJC_LITERAL_CONVERSION = YES;
				CLANG_WARN_OBJC_ROOT_CLASS = YES_ERROR;
				CLANG_WARN_RANGE_LOOP_ANALYSIS = YES;
				CLANG_WARN_STRICT_PROTOTYPES = YES;
				CLANG_WARN_SUSPICIOUS_MOVE = YES;
				CLANG_WARN_UNGUARDED_AVAILABILITY = YES_AGGRESSIVE;
				CLANG_WARN_UNREACHABLE_CODE = YES;
				CLANG_WARN__DUPLICATE_METHOD_MATCH = YES;
				CODE_SIGN_IDENTITY = "iPhone Developer";
				COPY_PHASE_STRIP = NO;
				DEBUG_INFORMATION_FORMAT = dwarf;
				ENABLE_STRICT_OBJC_MSGSEND = YES;
				ENABLE_TESTABILITY = YES;
				GCC_C_LANGUAGE_STANDARD = gnu11;
				GCC_DYNAMIC_NO_PIC = NO;
				GCC_NO_COMMON_BLOCKS = YES;
				GCC_OPTIMIZATION_LEVEL = 0;
				GCC_PREPROCESSOR_DEFINITIONS = (
					"DEBUG=1",
					"$(inherited)",
				);
				GCC_WARN_64_TO_32_BIT_CONVERSION = YES;
				GCC_WARN_ABOUT_RETURN_TYPE = YES_ERROR;
				GCC_WARN_UNDECLARED_SELECTOR = YES;
				GCC_WARN_UNINITIALIZED_AUTOS = YES_AGGRESSIVE;
				GCC_WARN_UNUSED_FUNCTION = YES;
				GCC_WARN_UNUSED_VARIABLE = YES;
				IPHONEOS_DEPLOYMENT_TARGET = 11.4;
				MTL_ENABLE_DEBUG_INFO = YES;
				ONLY_ACTIVE_ARCH = YES;
				SDKROOT = iphoneos;
			};
			name = Debug;
		};
		0774159C211427F600A238BA /* Release */ = {
			isa = XCBuildConfiguration;
			buildSettings = {
				ALWAYS_SEARCH_USER_PATHS = NO;
				CLANG_ANALYZER_NONNULL = YES;
				CLANG_ANALYZER_NUMBER_OBJECT_CONVERSION = YES_AGGRESSIVE;
				CLANG_CXX_LANGUAGE_STANDARD = "gnu++14";
				CLANG_CXX_LIBRARY = "libc++";
				CLANG_ENABLE_MODULES = YES;
				CLANG_ENABLE_OBJC_ARC = YES;
				CLANG_ENABLE_OBJC_WEAK = YES;
				CLANG_WARN_BLOCK_CAPTURE_AUTORELEASING = YES;
				CLANG_WARN_BOOL_CONVERSION = YES;
				CLANG_WARN_COMMA = YES;
				CLANG_WARN_CONSTANT_CONVERSION = YES;
				CLANG_WARN_DEPRECATED_OBJC_IMPLEMENTATIONS = YES;
				CLANG_WARN_DIRECT_OBJC_ISA_USAGE = YES_ERROR;
				CLANG_WARN_DOCUMENTATION_COMMENTS = YES;
				CLANG_WARN_EMPTY_BODY = YES;
				CLANG_WARN_ENUM_CONVERSION = YES;
				CLANG_WARN_INFINITE_RECURSION = YES;
				CLANG_WARN_INT_CONVERSION = YES;
				CLANG_WARN_NON_LITERAL_NULL_CONVERSION = YES;
				CLANG_WARN_OBJC_IMPLICIT_RETAIN_SELF = YES;
				CLANG_WARN_OBJC_LITERAL_CONVERSION = YES;
				CLANG_WARN_OBJC_ROOT_CLASS = YES_ERROR;
				CLANG_WARN_RANGE_LOOP_ANALYSIS = YES;
				CLANG_WARN_STRICT_PROTOTYPES = YES;
				CLANG_WARN_SUSPICIOUS_MOVE = YES;
				CLANG_WARN_UNGUARDED_AVAILABILITY = YES_AGGRESSIVE;
				CLANG_WARN_UNREACHABLE_CODE = YES;
				CLANG_WARN__DUPLICATE_METHOD_MATCH = YES;
				CODE_SIGN_IDENTITY = "iPhone Developer";
				COPY_PHASE_STRIP = NO;
				DEBUG_INFORMATION_FORMAT = "dwarf-with-dsym";
				ENABLE_NS_ASSERTIONS = NO;
				ENABLE_STRICT_OBJC_MSGSEND = YES;
				GCC_C_LANGUAGE_STANDARD = gnu11;
				GCC_NO_COMMON_BLOCKS = YES;
				GCC_WARN_64_TO_32_BIT_CONVERSION = YES;
				GCC_WARN_ABOUT_RETURN_TYPE = YES_ERROR;
				GCC_WARN_UNDECLARED_SELECTOR = YES;
				GCC_WARN_UNINITIALIZED_AUTOS = YES_AGGRESSIVE;
				GCC_WARN_UNUSED_FUNCTION = YES;
				GCC_WARN_UNUSED_VARIABLE = YES;
				IPHONEOS_DEPLOYMENT_TARGET = 11.4;
				MTL_ENABLE_DEBUG_INFO = NO;
				SDKROOT = iphoneos;
				VALIDATE_PRODUCT = YES;
			};
			name = Release;
		};
		0774159E211427F600A238BA /* Debug */ = {
			isa = XCBuildConfiguration;
			baseConfigurationReference = AAB52EB0A50BE9DF4F3A1CAA /* Pods-KCCommon.debug.xcconfig */;
			buildSettings = {
				ASSETCATALOG_COMPILER_APPICON_NAME = AppIcon;
				CODE_SIGN_STYLE = Automatic;
				DEVELOPMENT_TEAM = 9W8KXJ7KY8;
				INFOPLIST_FILE = KCCommon/Info.plist;
				LD_RUNPATH_SEARCH_PATHS = (
					"$(inherited)",
					"@executable_path/Frameworks",
				);
				PRODUCT_BUNDLE_IDENTIFIER = com.Erica.KCCommon;
				PRODUCT_NAME = "$(TARGET_NAME)";
				TARGETED_DEVICE_FAMILY = "1,2";
			};
			name = Debug;
		};
		0774159F211427F600A238BA /* Release */ = {
			isa = XCBuildConfiguration;
			baseConfigurationReference = 0E0DB9C4FB963E2A04B0681D /* Pods-KCCommon.release.xcconfig */;
			buildSettings = {
				ASSETCATALOG_COMPILER_APPICON_NAME = AppIcon;
				CODE_SIGN_STYLE = Automatic;
				DEVELOPMENT_TEAM = 9W8KXJ7KY8;
				INFOPLIST_FILE = KCCommon/Info.plist;
				LD_RUNPATH_SEARCH_PATHS = (
					"$(inherited)",
					"@executable_path/Frameworks",
				);
				PRODUCT_BUNDLE_IDENTIFIER = com.Erica.KCCommon;
				PRODUCT_NAME = "$(TARGET_NAME)";
				TARGETED_DEVICE_FAMILY = "1,2";
			};
			name = Release;
		};
		077415A1211427F600A238BA /* Debug */ = {
			isa = XCBuildConfiguration;
			baseConfigurationReference = 51A7F4AB7A8B08B71617667F /* Pods-KCCommonTests.debug.xcconfig */;
			buildSettings = {
				BUNDLE_LOADER = "$(TEST_HOST)";
				CODE_SIGN_STYLE = Automatic;
				DEVELOPMENT_TEAM = 9W8KXJ7KY8;
				INFOPLIST_FILE = KCCommonTests/Info.plist;
				LD_RUNPATH_SEARCH_PATHS = (
					"$(inherited)",
					"@executable_path/Frameworks",
					"@loader_path/Frameworks",
				);
				PRODUCT_BUNDLE_IDENTIFIER = com.Erica.KCCommonTests;
				PRODUCT_NAME = "$(TARGET_NAME)";
				TARGETED_DEVICE_FAMILY = "1,2";
				TEST_HOST = "$(BUILT_PRODUCTS_DIR)/KCCommon.app/KCCommon";
			};
			name = Debug;
		};
		077415A2211427F600A238BA /* Release */ = {
			isa = XCBuildConfiguration;
			baseConfigurationReference = BBE5E9A648ED900EBE58DDF5 /* Pods-KCCommonTests.release.xcconfig */;
			buildSettings = {
				BUNDLE_LOADER = "$(TEST_HOST)";
				CODE_SIGN_STYLE = Automatic;
				DEVELOPMENT_TEAM = 9W8KXJ7KY8;
				INFOPLIST_FILE = KCCommonTests/Info.plist;
				LD_RUNPATH_SEARCH_PATHS = (
					"$(inherited)",
					"@executable_path/Frameworks",
					"@loader_path/Frameworks",
				);
				PRODUCT_BUNDLE_IDENTIFIER = com.Erica.KCCommonTests;
				PRODUCT_NAME = "$(TARGET_NAME)";
				TARGETED_DEVICE_FAMILY = "1,2";
				TEST_HOST = "$(BUILT_PRODUCTS_DIR)/KCCommon.app/KCCommon";
			};
			name = Release;
		};
		077415A4211427F600A238BA /* Debug */ = {
			isa = XCBuildConfiguration;
			baseConfigurationReference = CF7EDF13BB7BB68623454F7B /* Pods-KCCommonUITests.debug.xcconfig */;
			buildSettings = {
				CODE_SIGN_STYLE = Automatic;
				DEVELOPMENT_TEAM = 9W8KXJ7KY8;
				INFOPLIST_FILE = KCCommonUITests/Info.plist;
				LD_RUNPATH_SEARCH_PATHS = (
					"$(inherited)",
					"@executable_path/Frameworks",
					"@loader_path/Frameworks",
				);
				PRODUCT_BUNDLE_IDENTIFIER = com.Erica.KCCommonUITests;
				PRODUCT_NAME = "$(TARGET_NAME)";
				TARGETED_DEVICE_FAMILY = "1,2";
				TEST_TARGET_NAME = KCCommon;
			};
			name = Debug;
		};
		077415A5211427F600A238BA /* Release */ = {
			isa = XCBuildConfiguration;
			baseConfigurationReference = D830A022DE1E6F725D23FC73 /* Pods-KCCommonUITests.release.xcconfig */;
			buildSettings = {
				CODE_SIGN_STYLE = Automatic;
				DEVELOPMENT_TEAM = 9W8KXJ7KY8;
				INFOPLIST_FILE = KCCommonUITests/Info.plist;
				LD_RUNPATH_SEARCH_PATHS = (
					"$(inherited)",
					"@executable_path/Frameworks",
					"@loader_path/Frameworks",
				);
				PRODUCT_BUNDLE_IDENTIFIER = com.Erica.KCCommonUITests;
				PRODUCT_NAME = "$(TARGET_NAME)";
				TARGETED_DEVICE_FAMILY = "1,2";
				TEST_TARGET_NAME = KCCommon;
			};
			name = Release;
		};
/* End XCBuildConfiguration section */

/* Begin XCConfigurationList section */
		0774156C211427F400A238BA /* Build configuration list for PBXProject "KCCommon" */ = {
			isa = XCConfigurationList;
			buildConfigurations = (
				0774159B211427F600A238BA /* Debug */,
				0774159C211427F600A238BA /* Release */,
			);
			defaultConfigurationIsVisible = 0;
			defaultConfigurationName = Release;
		};
		0774159D211427F600A238BA /* Build configuration list for PBXNativeTarget "KCCommon" */ = {
			isa = XCConfigurationList;
			buildConfigurations = (
				0774159E211427F600A238BA /* Debug */,
				0774159F211427F600A238BA /* Release */,
			);
			defaultConfigurationIsVisible = 0;
			defaultConfigurationName = Release;
		};
		077415A0211427F600A238BA /* Build configuration list for PBXNativeTarget "KCCommonTests" */ = {
			isa = XCConfigurationList;
			buildConfigurations = (
				077415A1211427F600A238BA /* Debug */,
				077415A2211427F600A238BA /* Release */,
			);
			defaultConfigurationIsVisible = 0;
			defaultConfigurationName = Release;
		};
		077415A3211427F600A238BA /* Build configuration list for PBXNativeTarget "KCCommonUITests" */ = {
			isa = XCConfigurationList;
			buildConfigurations = (
				077415A4211427F600A238BA /* Debug */,
				077415A5211427F600A238BA /* Release */,
			);
			defaultConfigurationIsVisible = 0;
			defaultConfigurationName = Release;
		};
/* End XCConfigurationList section */
	};
	rootObject = 07741569211427F400A238BA /* Project object */;
}
